
Microsoft Visual Studio Solution File, Format Version 12.00
# Visual Studio Version 17
VisualStudioVersion = 17.14.36705.20 d17.14
MinimumVisualStudioVersion = 10.0.40219.1
Project("{FAE04EC0-301F-11D3-BF4B-00C04F79EFBC}") = "EliosPaymentService", "EliosPaymentService\EliosPaymentService.csproj", "{5960360C-3C93-4A2B-A0D6-F9DA76628E56}"
EndProject
Global
	GlobalSection(SolutionConfigurationPlatforms) = preSolution
		Debug|Any CPU = Debug|Any CPU
		Release|Any CPU = Release|Any CPU
	EndGlobalSection
	GlobalSection(ProjectConfigurationPlatforms) = postSolution
		{5960360C-3C93-4A2B-A0D6-F9DA76628E56}.Debug|Any CPU.ActiveCfg = Debug|Any CPU
		{5960360C-3C93-4A2B-A0D6-F9DA76628E56}.Debug|Any CPU.Build.0 = Debug|Any CPU
		{5960360C-3C93-4A2B-A0D6-F9DA76628E56}.Release|Any CPU.ActiveCfg = Release|Any CPU
		{5960360C-3C93-4A2B-A0D6-F9DA76628E56}.Release|Any CPU.Build.0 = Release|Any CPU
	EndGlobalSection
	GlobalSection(SolutionProperties) = preSolution
		HideSolutionNode = FALSE
	EndGlobalSection
	GlobalSection(ExtensibilityGlobals) = postSolution
		SolutionGuid = {2CB28B26-5972-4DD4-8029-0E97BF8BA433}
	EndGlobalSection
EndGlobal
